
Microsoft Visual Studio Solution File, Format Version 12.00
# Visual Studio 15
VisualStudioVersion = 15.0.28307.960
MinimumVisualStudioVersion = 10.0.40219.1
Project("{FAE04EC0-301F-11D3-BF4B-00C04F79EFBC}") = "AbsoluteProfessionPriorities", "AbsoluteProfessionPriorities.csproj", "{B94152BA-9458-4EC5-84E2-61BCF0786168}"
EndProject
Global
	GlobalSection(SolutionConfigurationPlatforms) = preSolution
		Debug|Any CPU = Debug|Any CPU
		Release|Any CPU = Release|Any CPU
	EndGlobalSection
	GlobalSection(ProjectConfigurationPlatforms) = postSolution
		{B94152BA-9458-4EC5-84E2-61BCF0786168}.Debug|Any CPU.ActiveCfg = Debug|Any CPU
		{B94152BA-9458-4EC5-84E2-61BCF0786168}.Debug|Any CPU.Build.0 = Debug|Any CPU
		{B94152BA-9458-4EC5-84E2-61BCF0786168}.Release|Any CPU.ActiveCfg = Release|Any CPU
		{B94152BA-9458-4EC5-84E2-61BCF0786168}.Release|Any CPU.Build.0 = Release|Any CPU
	EndGlobalSection
	GlobalSection(SolutionProperties) = preSolution
		HideSolutionNode = FALSE
	EndGlobalSection
	GlobalSection(ExtensibilityGlobals) = postSolution
		SolutionGuid = {093F74A3-30A9-4DFA-8FBA-259111988CA6}
	EndGlobalSection
EndGlobal
